
Microsoft Visual Studio Solution File, Format Version 12.00
# Visual Studio Version 17
VisualStudioVersion = 17.0.31903.59
MinimumVisualStudioVersion = 10.0.40219.1
Project("{FAE04EC0-301F-11D3-BF4B-00C04F79EFBC}") = "API", "API\API.csproj", "{2D4F6B4C-A149-4617-B8C6-156C6E1B2C6F}"
EndProject
Project("{FAE04EC0-301F-11D3-BF4B-00C04F79EFBC}") = "Core", "Core\Core.csproj", "{B0C91430-AFB6-425F-B914-85D446A88EDC}"
EndProject
Project("{FAE04EC0-301F-11D3-BF4B-00C04F79EFBC}") = "Infrastructure", "Infrastructure\Infrastructure.csproj", "{7C4A3A0D-FA4E-4EC5-8113-1B1033AC0B31}"
EndProject
Global
	GlobalSection(SolutionConfigurationPlatforms) = preSolution
		Debug|Any CPU = Debug|Any CPU
		Release|Any CPU = Release|Any CPU
	EndGlobalSection
	GlobalSection(SolutionProperties) = preSolution
		HideSolutionNode = FALSE
	EndGlobalSection
	GlobalSection(ProjectConfigurationPlatforms) = postSolution
		{2D4F6B4C-A149-4617-B8C6-156C6E1B2C6F}.Debug|Any CPU.ActiveCfg = Debug|Any CPU
		{2D4F6B4C-A149-4617-B8C6-156C6E1B2C6F}.Debug|Any CPU.Build.0 = Debug|Any CPU
		{2D4F6B4C-A149-4617-B8C6-156C6E1B2C6F}.Release|Any CPU.ActiveCfg = Release|Any CPU
		{2D4F6B4C-A149-4617-B8C6-156C6E1B2C6F}.Release|Any CPU.Build.0 = Release|Any CPU
		{B0C91430-AFB6-425F-B914-85D446A88EDC}.Debug|Any CPU.ActiveCfg = Debug|Any CPU
		{B0C91430-AFB6-425F-B914-85D446A88EDC}.Debug|Any CPU.Build.0 = Debug|Any CPU
		{B0C91430-AFB6-425F-B914-85D446A88EDC}.Release|Any CPU.ActiveCfg = Release|Any CPU
		{B0C91430-AFB6-425F-B914-85D446A88EDC}.Release|Any CPU.Build.0 = Release|Any CPU
		{7C4A3A0D-FA4E-4EC5-8113-1B1033AC0B31}.Debug|Any CPU.ActiveCfg = Debug|Any CPU
		{7C4A3A0D-FA4E-4EC5-8113-1B1033AC0B31}.Debug|Any CPU.Build.0 = Debug|Any CPU
		{7C4A3A0D-FA4E-4EC5-8113-1B1033AC0B31}.Release|Any CPU.ActiveCfg = Release|Any CPU
		{7C4A3A0D-FA4E-4EC5-8113-1B1033AC0B31}.Release|Any CPU.Build.0 = Release|Any CPU
	EndGlobalSection
EndGlobal
