
Microsoft Visual Studio Solution File, Format Version 12.00
# Visual Studio Version 17
VisualStudioVersion = 17.10.34928.147
MinimumVisualStudioVersion = 10.0.40219.1
Project("{9A19103F-16F7-4668-BE54-9A1E7A4F7556}") = "skinet.Server", "skinet.Server\skinet.Server.csproj", "{79FFF382-2C6E-45A1-994D-5D907C7E1F51}"
EndProject
Project("{54A90642-561A-4BB1-A94E-469ADEE60C69}") = "skinet.client", "skinet.client\skinet.client.esproj", "{D472E383-7762-4418-9298-1ACA1B888956}"
EndProject
Project("{9A19103F-16F7-4668-BE54-9A1E7A4F7556}") = "Core", "Core\Core.csproj", "{8AABCACF-D49B-47A3-8AEF-17D8139901FC}"
EndProject
Project("{9A19103F-16F7-4668-BE54-9A1E7A4F7556}") = "Infrastructure", "Infrastructure\Infrastructure.csproj", "{C84B9D0E-BAC1-4D38-97F8-9B1C5A1BA23A}"
EndProject
Project("{2150E333-8FDC-42A3-9474-1A3956D46DE8}") = "Solution Items", "Solution Items", "{E566B58B-E8CE-4606-8A29-A063E6696206}"
	ProjectSection(SolutionItems) = preProject
		docker-compose.yml = docker-compose.yml
	EndProjectSection
EndProject
Global
	GlobalSection(SolutionConfigurationPlatforms) = preSolution
		Debug|Any CPU = Debug|Any CPU
		Release|Any CPU = Release|Any CPU
	EndGlobalSection
	GlobalSection(ProjectConfigurationPlatforms) = postSolution
		{79FFF382-2C6E-45A1-994D-5D907C7E1F51}.Debug|Any CPU.ActiveCfg = Debug|Any CPU
		{79FFF382-2C6E-45A1-994D-5D907C7E1F51}.Debug|Any CPU.Build.0 = Debug|Any CPU
		{79FFF382-2C6E-45A1-994D-5D907C7E1F51}.Release|Any CPU.ActiveCfg = Release|Any CPU
		{79FFF382-2C6E-45A1-994D-5D907C7E1F51}.Release|Any CPU.Build.0 = Release|Any CPU
		{D472E383-7762-4418-9298-1ACA1B888956}.Debug|Any CPU.ActiveCfg = Debug|Any CPU
		{D472E383-7762-4418-9298-1ACA1B888956}.Debug|Any CPU.Build.0 = Debug|Any CPU
		{D472E383-7762-4418-9298-1ACA1B888956}.Debug|Any CPU.Deploy.0 = Debug|Any CPU
		{D472E383-7762-4418-9298-1ACA1B888956}.Release|Any CPU.ActiveCfg = Release|Any CPU
		{D472E383-7762-4418-9298-1ACA1B888956}.Release|Any CPU.Build.0 = Release|Any CPU
		{D472E383-7762-4418-9298-1ACA1B888956}.Release|Any CPU.Deploy.0 = Release|Any CPU
		{8AABCACF-D49B-47A3-8AEF-17D8139901FC}.Debug|Any CPU.ActiveCfg = Debug|Any CPU
		{8AABCACF-D49B-47A3-8AEF-17D8139901FC}.Debug|Any CPU.Build.0 = Debug|Any CPU
		{8AABCACF-D49B-47A3-8AEF-17D8139901FC}.Release|Any CPU.ActiveCfg = Release|Any CPU
		{8AABCACF-D49B-47A3-8AEF-17D8139901FC}.Release|Any CPU.Build.0 = Release|Any CPU
		{C84B9D0E-BAC1-4D38-97F8-9B1C5A1BA23A}.Debug|Any CPU.ActiveCfg = Debug|Any CPU
		{C84B9D0E-BAC1-4D38-97F8-9B1C5A1BA23A}.Debug|Any CPU.Build.0 = Debug|Any CPU
		{C84B9D0E-BAC1-4D38-97F8-9B1C5A1BA23A}.Release|Any CPU.ActiveCfg = Release|Any CPU
		{C84B9D0E-BAC1-4D38-97F8-9B1C5A1BA23A}.Release|Any CPU.Build.0 = Release|Any CPU
	EndGlobalSection
	GlobalSection(SolutionProperties) = preSolution
		HideSolutionNode = FALSE
	EndGlobalSection
	GlobalSection(ExtensibilityGlobals) = postSolution
		SolutionGuid = {CE8C3556-E01F-4FA5-8C32-FF01568AE9B9}
	EndGlobalSection
EndGlobal
